
Microsoft Visual Studio Solution File, Format Version 12.00
# Visual Studio Version 17
VisualStudioVersion = 17.3.32804.467
MinimumVisualStudioVersion = 10.0.40219.1
Project("{FAE04EC0-301F-11D3-BF4B-00C04F79EFBC}") = "YouTubeAudioDownloader", "YouTubeAudioDownloader\YouTubeAudioDownloader.csproj", "{1D607395-E884-4566-9F50-BFFC0117D8C3}"
EndProject
Global
	GlobalSection(SolutionConfigurationPlatforms) = preSolution
		Debug|Any CPU = Debug|Any CPU
		Release|Any CPU = Release|Any CPU
	EndGlobalSection
	GlobalSection(ProjectConfigurationPlatforms) = postSolution
		{1D607395-E884-4566-9F50-BFFC0117D8C3}.Debug|Any CPU.ActiveCfg = Debug|Any CPU
		{1D607395-E884-4566-9F50-BFFC0117D8C3}.Debug|Any CPU.Build.0 = Debug|Any CPU
		{1D607395-E884-4566-9F50-BFFC0117D8C3}.Release|Any CPU.ActiveCfg = Release|Any CPU
		{1D607395-E884-4566-9F50-BFFC0117D8C3}.Release|Any CPU.Build.0 = Release|Any CPU
	EndGlobalSection
	GlobalSection(SolutionProperties) = preSolution
		HideSolutionNode = FALSE
	EndGlobalSection
	GlobalSection(ExtensibilityGlobals) = postSolution
		SolutionGuid = {FA9A773D-A688-4217-90CB-A2032413F91E}
	EndGlobalSection
EndGlobal
